
Microsoft Visual Studio Solution File, Format Version 12.00
# Visual Studio Version 17
VisualStudioVersion = 17.4.32916.344
MinimumVisualStudioVersion = 10.0.40219.1
Project("{FAE04EC0-301F-11D3-BF4B-00C04F79EFBC}") = "IBAN_Check", "IBAN_Check.csproj", "{0652EFC7-D7E5-4899-B0E4-8BA4DFCA0D7C}"
EndProject
Global
	GlobalSection(SolutionConfigurationPlatforms) = preSolution
		Debug|Any CPU = Debug|Any CPU
		Release|Any CPU = Release|Any CPU
	EndGlobalSection
	GlobalSection(ProjectConfigurationPlatforms) = postSolution
		{0652EFC7-D7E5-4899-B0E4-8BA4DFCA0D7C}.Debug|Any CPU.ActiveCfg = Debug|Any CPU
		{0652EFC7-D7E5-4899-B0E4-8BA4DFCA0D7C}.Debug|Any CPU.Build.0 = Debug|Any CPU
		{0652EFC7-D7E5-4899-B0E4-8BA4DFCA0D7C}.Release|Any CPU.ActiveCfg = Release|Any CPU
		{0652EFC7-D7E5-4899-B0E4-8BA4DFCA0D7C}.Release|Any CPU.Build.0 = Release|Any CPU
	EndGlobalSection
	GlobalSection(SolutionProperties) = preSolution
		HideSolutionNode = FALSE
	EndGlobalSection
	GlobalSection(ExtensibilityGlobals) = postSolution
		SolutionGuid = {5FBAF76D-80B0-4122-B4CC-2747D66D88D8}
	EndGlobalSection
EndGlobal
